
Microsoft Visual Studio Solution File, Format Version 12.00
# Visual Studio 15
VisualStudioVersion = 15.0.28307.852
MinimumVisualStudioVersion = 10.0.40219.1
Project("{FAE04EC0-301F-11D3-BF4B-00C04F79EFBC}") = "MailSender", "MailSender\MailSender.csproj", "{59F65E8A-7B67-46FD-86B4-5ADEF42D7C31}"
EndProject
Project("{FAE04EC0-301F-11D3-BF4B-00C04F79EFBC}") = "MailSender.lib", "MailSender.lib\MailSender.lib.csproj", "{31D9BD13-2A92-4C41-A1BE-5BB7C23467E0}"
EndProject
Project("{2150E333-8FDC-42A3-9474-1A3956D46DE8}") = "Tests", "Tests", "{14C92FCD-A7B6-48F0-B87C-FF8B0B2C9B75}"
EndProject
Project("{FAE04EC0-301F-11D3-BF4B-00C04F79EFBC}") = "MailSender.lib.Tests", "tests\MailSender.lib.Tests\MailSender.lib.Tests.csproj", "{895F092E-8061-4D79-9275-3F352ECB67F7}"
EndProject
Global
	GlobalSection(SolutionConfigurationPlatforms) = preSolution
		Debug|Any CPU = Debug|Any CPU
		Release|Any CPU = Release|Any CPU
	EndGlobalSection
	GlobalSection(ProjectConfigurationPlatforms) = postSolution
		{59F65E8A-7B67-46FD-86B4-5ADEF42D7C31}.Debug|Any CPU.ActiveCfg = Debug|Any CPU
		{59F65E8A-7B67-46FD-86B4-5ADEF42D7C31}.Debug|Any CPU.Build.0 = Debug|Any CPU
		{59F65E8A-7B67-46FD-86B4-5ADEF42D7C31}.Release|Any CPU.ActiveCfg = Release|Any CPU
		{59F65E8A-7B67-46FD-86B4-5ADEF42D7C31}.Release|Any CPU.Build.0 = Release|Any CPU
		{31D9BD13-2A92-4C41-A1BE-5BB7C23467E0}.Debug|Any CPU.ActiveCfg = Debug|Any CPU
		{31D9BD13-2A92-4C41-A1BE-5BB7C23467E0}.Debug|Any CPU.Build.0 = Debug|Any CPU
		{31D9BD13-2A92-4C41-A1BE-5BB7C23467E0}.Release|Any CPU.ActiveCfg = Release|Any CPU
		{31D9BD13-2A92-4C41-A1BE-5BB7C23467E0}.Release|Any CPU.Build.0 = Release|Any CPU
		{895F092E-8061-4D79-9275-3F352ECB67F7}.Debug|Any CPU.ActiveCfg = Debug|Any CPU
		{895F092E-8061-4D79-9275-3F352ECB67F7}.Debug|Any CPU.Build.0 = Debug|Any CPU
		{895F092E-8061-4D79-9275-3F352ECB67F7}.Release|Any CPU.ActiveCfg = Release|Any CPU
		{895F092E-8061-4D79-9275-3F352ECB67F7}.Release|Any CPU.Build.0 = Release|Any CPU
	EndGlobalSection
	GlobalSection(SolutionProperties) = preSolution
		HideSolutionNode = FALSE
	EndGlobalSection
	GlobalSection(NestedProjects) = preSolution
		{895F092E-8061-4D79-9275-3F352ECB67F7} = {14C92FCD-A7B6-48F0-B87C-FF8B0B2C9B75}
	EndGlobalSection
	GlobalSection(ExtensibilityGlobals) = postSolution
		SolutionGuid = {8BA65CD9-A1FA-4AB3-A08D-AC5B0C8EB1FA}
	EndGlobalSection
EndGlobal
